
Microsoft Visual Studio Solution File, Format Version 12.00
# Visual Studio 14
VisualStudioVersion = 14.0.23107.0
MinimumVisualStudioVersion = 10.0.40219.1
Project("{FAE04EC0-301F-11D3-BF4B-00C04F79EFBC}") = "WpfApplication1", "WpfApplication1\WpfApplication1.csproj", "{BF834323-55F7-42AD-A2CA-E22174DCB743}"
EndProject
Global
	GlobalSection(SolutionConfigurationPlatforms) = preSolution
		Debug|Any CPU = Debug|Any CPU
		Release|Any CPU = Release|Any CPU
	EndGlobalSection
	GlobalSection(ProjectConfigurationPlatforms) = postSolution
		{BF834323-55F7-42AD-A2CA-E22174DCB743}.Debug|Any CPU.ActiveCfg = Debug|Any CPU
		{BF834323-55F7-42AD-A2CA-E22174DCB743}.Debug|Any CPU.Build.0 = Debug|Any CPU
		{BF834323-55F7-42AD-A2CA-E22174DCB743}.Release|Any CPU.ActiveCfg = Release|Any CPU
		{BF834323-55F7-42AD-A2CA-E22174DCB743}.Release|Any CPU.Build.0 = Release|Any CPU
	EndGlobalSection
	GlobalSection(SolutionProperties) = preSolution
		HideSolutionNode = FALSE
	EndGlobalSection
EndGlobal
